
Microsoft Visual Studio Solution File, Format Version 12.00
# Visual Studio Version 17
VisualStudioVersion = 17.4.33205.214
MinimumVisualStudioVersion = 10.0.40219.1
Project("{FAE04EC0-301F-11D3-BF4B-00C04F79EFBC}") = "enexiongroup", "enexiongroup.csproj", "{2E0DCC07-CA56-4332-A6B1-BBA23D0D75EA}"
EndProject
Global
	GlobalSection(SolutionConfigurationPlatforms) = preSolution
		Debug|Any CPU = Debug|Any CPU
		Release|Any CPU = Release|Any CPU
	EndGlobalSection
	GlobalSection(ProjectConfigurationPlatforms) = postSolution
		{2E0DCC07-CA56-4332-A6B1-BBA23D0D75EA}.Debug|Any CPU.ActiveCfg = Debug|Any CPU
		{2E0DCC07-CA56-4332-A6B1-BBA23D0D75EA}.Debug|Any CPU.Build.0 = Debug|Any CPU
		{2E0DCC07-CA56-4332-A6B1-BBA23D0D75EA}.Release|Any CPU.ActiveCfg = Release|Any CPU
		{2E0DCC07-CA56-4332-A6B1-BBA23D0D75EA}.Release|Any CPU.Build.0 = Release|Any CPU
	EndGlobalSection
	GlobalSection(SolutionProperties) = preSolution
		HideSolutionNode = FALSE
	EndGlobalSection
	GlobalSection(ExtensibilityGlobals) = postSolution
		SolutionGuid = {2B6AF5C5-519C-4244-817B-E488671344EB}
	EndGlobalSection
EndGlobal
